
Microsoft Visual Studio Solution File, Format Version 12.00
# Visual Studio Version 17
VisualStudioVersion = 17.6.33829.357
MinimumVisualStudioVersion = 10.0.40219.1
Project("{FAE04EC0-301F-11D3-BF4B-00C04F79EFBC}") = "DataBasesLab10", "DataBasesLab10\DataBasesLab10.csproj", "{95445469-5FE0-4A5B-B2DC-73E3476C5906}"
EndProject
Global
	GlobalSection(SolutionConfigurationPlatforms) = preSolution
		Debug|Any CPU = Debug|Any CPU
		Release|Any CPU = Release|Any CPU
	EndGlobalSection
	GlobalSection(ProjectConfigurationPlatforms) = postSolution
		{95445469-5FE0-4A5B-B2DC-73E3476C5906}.Debug|Any CPU.ActiveCfg = Debug|Any CPU
		{95445469-5FE0-4A5B-B2DC-73E3476C5906}.Debug|Any CPU.Build.0 = Debug|Any CPU
		{95445469-5FE0-4A5B-B2DC-73E3476C5906}.Release|Any CPU.ActiveCfg = Release|Any CPU
		{95445469-5FE0-4A5B-B2DC-73E3476C5906}.Release|Any CPU.Build.0 = Release|Any CPU
	EndGlobalSection
	GlobalSection(SolutionProperties) = preSolution
		HideSolutionNode = FALSE
	EndGlobalSection
	GlobalSection(ExtensibilityGlobals) = postSolution
		SolutionGuid = {DB4C930C-D808-4C27-99F4-6DB546074087}
	EndGlobalSection
EndGlobal
